
Microsoft Visual Studio Solution File, Format Version 12.00
# Visual Studio Version 17
VisualStudioVersion = 17.6.33829.357
MinimumVisualStudioVersion = 10.0.40219.1
Project("{FAE04EC0-301F-11D3-BF4B-00C04F79EFBC}") = "UMI_1_Task1", "UMI_1_Task1\UMI_1_Task1.csproj", "{8C27E8FE-F075-46AD-A745-DEDC18C94741}"
EndProject
Global
	GlobalSection(SolutionConfigurationPlatforms) = preSolution
		Debug|Any CPU = Debug|Any CPU
		Release|Any CPU = Release|Any CPU
	EndGlobalSection
	GlobalSection(ProjectConfigurationPlatforms) = postSolution
		{8C27E8FE-F075-46AD-A745-DEDC18C94741}.Debug|Any CPU.ActiveCfg = Debug|Any CPU
		{8C27E8FE-F075-46AD-A745-DEDC18C94741}.Debug|Any CPU.Build.0 = Debug|Any CPU
		{8C27E8FE-F075-46AD-A745-DEDC18C94741}.Release|Any CPU.ActiveCfg = Release|Any CPU
		{8C27E8FE-F075-46AD-A745-DEDC18C94741}.Release|Any CPU.Build.0 = Release|Any CPU
	EndGlobalSection
	GlobalSection(SolutionProperties) = preSolution
		HideSolutionNode = FALSE
	EndGlobalSection
	GlobalSection(ExtensibilityGlobals) = postSolution
		SolutionGuid = {0FB00524-E76E-4510-AF7D-C9C25510A50F}
	EndGlobalSection
EndGlobal
